
Microsoft Visual Studio Solution File, Format Version 12.00
# Visual Studio Version 17
VisualStudioVersion = 17.0.31903.59
MinimumVisualStudioVersion = 10.0.40219.1
Project("{9A19103F-16F7-4668-BE54-9A1E7A4F7556}") = "Login", "practice\Login.csproj", "{5C8849C8-71B3-4311-A00D-52345246F921}"
EndProject
Project("{9A19103F-16F7-4668-BE54-9A1E7A4F7556}") = "ScoreChecker", "Switch\ScoreChecker.csproj", "{F58201CB-534E-4613-B989-4460BAFB1AED}"
EndProject
Project("{9A19103F-16F7-4668-BE54-9A1E7A4F7556}") = "Ternary Operator", "Ternary Operator\Ternary Operator.csproj", "{302EC605-96DD-49CD-91A3-70AACD9A1AA2}"
EndProject
Project("{9A19103F-16F7-4668-BE54-9A1E7A4F7556}") = "Loops,While,DoWhileLoops,ForEach", "Loops\Loops,While,DoWhileLoops,ForEach.csproj", "{24121E4A-9DD7-4B53-8196-2FB23971C6D5}"
EndProject
Project("{9A19103F-16F7-4668-BE54-9A1E7A4F7556}") = "OOP", "OOP\OOP.csproj", "{3A281069-D60D-4BA1-B9C5-A38FC652114C}"
EndProject
Project("{9A19103F-16F7-4668-BE54-9A1E7A4F7556}") = "Properties", "Properties\Properties.csproj", "{03210D74-9D2D-454B-88DC-09229A0CEF0B}"
EndProject
Project("{9A19103F-16F7-4668-BE54-9A1E7A4F7556}") = "Collections", "Collections\Collections.csproj", "{2FB28F6F-7594-4699-B5A0-919C1AB51125}"
EndProject
Project("{9A19103F-16F7-4668-BE54-9A1E7A4F7556}") = "2D arrays", "2D arrays\2D arrays.csproj", "{F49E7B40-D3C8-44ED-AE62-F6FFD8B8F581}"
EndProject
Project("{9A19103F-16F7-4668-BE54-9A1E7A4F7556}") = "UsingArray-TicTacToe", "UsingArray-TicTacToe\UsingArray-TicTacToe.csproj", "{D146B85F-B99B-44EF-B221-3F200F2D2A27}"
EndProject
Project("{9A19103F-16F7-4668-BE54-9A1E7A4F7556}") = "Jagged Array", "Jagged Array\Jagged Array.csproj", "{6FF59338-C4FF-4019-A8D9-5AA6D1E7CE69}"
EndProject
Project("{FAE04EC0-301F-11D3-BF4B-00C04F79EFBC}") = "Hastable", "Hastable\Hastable.csproj", "{B2BE062E-1914-4A1B-AB9A-5F6897E1C468}"
EndProject
Project("{FAE04EC0-301F-11D3-BF4B-00C04F79EFBC}") = "Inheritance OOP", "Inheritance OOP\Inheritance OOP.csproj", "{5398C87F-453C-4C63-8523-0B6AB3E9EB54}"
EndProject
Project("{FAE04EC0-301F-11D3-BF4B-00C04F79EFBC}") = "InheirtancePart2", "InheirtancePart2\InheirtancePart2.csproj", "{6972D210-79E7-4A21-9092-068C62F0D99E}"
EndProject
Global
	GlobalSection(SolutionConfigurationPlatforms) = preSolution
		Debug|Any CPU = Debug|Any CPU
		Release|Any CPU = Release|Any CPU
	EndGlobalSection
	GlobalSection(ProjectConfigurationPlatforms) = postSolution
		{5C8849C8-71B3-4311-A00D-52345246F921}.Debug|Any CPU.ActiveCfg = Debug|Any CPU
		{5C8849C8-71B3-4311-A00D-52345246F921}.Debug|Any CPU.Build.0 = Debug|Any CPU
		{5C8849C8-71B3-4311-A00D-52345246F921}.Release|Any CPU.ActiveCfg = Release|Any CPU
		{5C8849C8-71B3-4311-A00D-52345246F921}.Release|Any CPU.Build.0 = Release|Any CPU
		{F58201CB-534E-4613-B989-4460BAFB1AED}.Debug|Any CPU.ActiveCfg = Debug|Any CPU
		{F58201CB-534E-4613-B989-4460BAFB1AED}.Debug|Any CPU.Build.0 = Debug|Any CPU
		{F58201CB-534E-4613-B989-4460BAFB1AED}.Release|Any CPU.ActiveCfg = Release|Any CPU
		{F58201CB-534E-4613-B989-4460BAFB1AED}.Release|Any CPU.Build.0 = Release|Any CPU
		{302EC605-96DD-49CD-91A3-70AACD9A1AA2}.Debug|Any CPU.ActiveCfg = Debug|Any CPU
		{302EC605-96DD-49CD-91A3-70AACD9A1AA2}.Debug|Any CPU.Build.0 = Debug|Any CPU
		{302EC605-96DD-49CD-91A3-70AACD9A1AA2}.Release|Any CPU.ActiveCfg = Release|Any CPU
		{302EC605-96DD-49CD-91A3-70AACD9A1AA2}.Release|Any CPU.Build.0 = Release|Any CPU
		{24121E4A-9DD7-4B53-8196-2FB23971C6D5}.Debug|Any CPU.ActiveCfg = Debug|Any CPU
		{24121E4A-9DD7-4B53-8196-2FB23971C6D5}.Debug|Any CPU.Build.0 = Debug|Any CPU
		{24121E4A-9DD7-4B53-8196-2FB23971C6D5}.Release|Any CPU.ActiveCfg = Release|Any CPU
		{24121E4A-9DD7-4B53-8196-2FB23971C6D5}.Release|Any CPU.Build.0 = Release|Any CPU
		{3A281069-D60D-4BA1-B9C5-A38FC652114C}.Debug|Any CPU.ActiveCfg = Debug|Any CPU
		{3A281069-D60D-4BA1-B9C5-A38FC652114C}.Debug|Any CPU.Build.0 = Debug|Any CPU
		{3A281069-D60D-4BA1-B9C5-A38FC652114C}.Release|Any CPU.ActiveCfg = Release|Any CPU
		{3A281069-D60D-4BA1-B9C5-A38FC652114C}.Release|Any CPU.Build.0 = Release|Any CPU
		{03210D74-9D2D-454B-88DC-09229A0CEF0B}.Debug|Any CPU.ActiveCfg = Debug|Any CPU
		{03210D74-9D2D-454B-88DC-09229A0CEF0B}.Debug|Any CPU.Build.0 = Debug|Any CPU
		{03210D74-9D2D-454B-88DC-09229A0CEF0B}.Release|Any CPU.ActiveCfg = Release|Any CPU
		{03210D74-9D2D-454B-88DC-09229A0CEF0B}.Release|Any CPU.Build.0 = Release|Any CPU
		{2FB28F6F-7594-4699-B5A0-919C1AB51125}.Debug|Any CPU.ActiveCfg = Debug|Any CPU
		{2FB28F6F-7594-4699-B5A0-919C1AB51125}.Debug|Any CPU.Build.0 = Debug|Any CPU
		{2FB28F6F-7594-4699-B5A0-919C1AB51125}.Release|Any CPU.ActiveCfg = Release|Any CPU
		{2FB28F6F-7594-4699-B5A0-919C1AB51125}.Release|Any CPU.Build.0 = Release|Any CPU
		{F49E7B40-D3C8-44ED-AE62-F6FFD8B8F581}.Debug|Any CPU.ActiveCfg = Debug|Any CPU
		{F49E7B40-D3C8-44ED-AE62-F6FFD8B8F581}.Debug|Any CPU.Build.0 = Debug|Any CPU
		{F49E7B40-D3C8-44ED-AE62-F6FFD8B8F581}.Release|Any CPU.ActiveCfg = Release|Any CPU
		{F49E7B40-D3C8-44ED-AE62-F6FFD8B8F581}.Release|Any CPU.Build.0 = Release|Any CPU
		{D146B85F-B99B-44EF-B221-3F200F2D2A27}.Debug|Any CPU.ActiveCfg = Debug|Any CPU
		{D146B85F-B99B-44EF-B221-3F200F2D2A27}.Debug|Any CPU.Build.0 = Debug|Any CPU
		{D146B85F-B99B-44EF-B221-3F200F2D2A27}.Release|Any CPU.ActiveCfg = Release|Any CPU
		{D146B85F-B99B-44EF-B221-3F200F2D2A27}.Release|Any CPU.Build.0 = Release|Any CPU
		{6FF59338-C4FF-4019-A8D9-5AA6D1E7CE69}.Debug|Any CPU.ActiveCfg = Debug|Any CPU
		{6FF59338-C4FF-4019-A8D9-5AA6D1E7CE69}.Debug|Any CPU.Build.0 = Debug|Any CPU
		{6FF59338-C4FF-4019-A8D9-5AA6D1E7CE69}.Release|Any CPU.ActiveCfg = Release|Any CPU
		{6FF59338-C4FF-4019-A8D9-5AA6D1E7CE69}.Release|Any CPU.Build.0 = Release|Any CPU
		{B2BE062E-1914-4A1B-AB9A-5F6897E1C468}.Debug|Any CPU.ActiveCfg = Debug|Any CPU
		{B2BE062E-1914-4A1B-AB9A-5F6897E1C468}.Debug|Any CPU.Build.0 = Debug|Any CPU
		{B2BE062E-1914-4A1B-AB9A-5F6897E1C468}.Release|Any CPU.ActiveCfg = Release|Any CPU
		{B2BE062E-1914-4A1B-AB9A-5F6897E1C468}.Release|Any CPU.Build.0 = Release|Any CPU
		{5398C87F-453C-4C63-8523-0B6AB3E9EB54}.Debug|Any CPU.ActiveCfg = Debug|Any CPU
		{5398C87F-453C-4C63-8523-0B6AB3E9EB54}.Debug|Any CPU.Build.0 = Debug|Any CPU
		{5398C87F-453C-4C63-8523-0B6AB3E9EB54}.Release|Any CPU.ActiveCfg = Release|Any CPU
		{5398C87F-453C-4C63-8523-0B6AB3E9EB54}.Release|Any CPU.Build.0 = Release|Any CPU
		{6972D210-79E7-4A21-9092-068C62F0D99E}.Debug|Any CPU.ActiveCfg = Debug|Any CPU
		{6972D210-79E7-4A21-9092-068C62F0D99E}.Debug|Any CPU.Build.0 = Debug|Any CPU
		{6972D210-79E7-4A21-9092-068C62F0D99E}.Release|Any CPU.ActiveCfg = Release|Any CPU
		{6972D210-79E7-4A21-9092-068C62F0D99E}.Release|Any CPU.Build.0 = Release|Any CPU
	EndGlobalSection
	GlobalSection(SolutionProperties) = preSolution
		HideSolutionNode = FALSE
	EndGlobalSection
	GlobalSection(ExtensibilityGlobals) = postSolution
		SolutionGuid = {F3181181-B3B6-46BA-ABB1-257DE3B4FE3E}
	EndGlobalSection
EndGlobal
